
Microsoft Visual Studio Solution File, Format Version 12.00
# Visual Studio Version 16
VisualStudioVersion = 16.0.31410.357
MinimumVisualStudioVersion = 10.0.40219.1
Project("{2150E333-8FDC-42A3-9474-1A3956D46DE8}") = "Services", "Services", "{68B6F36B-5E58-4CC7-98CA-B16A513BA9C5}"
EndProject
Project("{2150E333-8FDC-42A3-9474-1A3956D46DE8}") = "Catalog", "Catalog", "{6A7146A5-5181-419F-ABDC-CA720C891C31}"
EndProject
Project("{9A19103F-16F7-4668-BE54-9A1E7A4F7556}") = "Catalog.API", "Services\Catalog\Catalog.API\Catalog.API.csproj", "{07DD2508-0B66-4D6B-AEAD-DB04421062D6}"
EndProject
Project("{E53339B2-1760-4266-BCC7-CA923CBCF16C}") = "docker-compose", "docker-compose.dcproj", "{CA39873E-C148-4EAE-908D-E1F34976D1FA}"
EndProject
Project("{2150E333-8FDC-42A3-9474-1A3956D46DE8}") = "Basket", "Basket", "{8528D1DC-3DBA-4BB7-94E1-BE4F5F22F71D}"
EndProject
Project("{9A19103F-16F7-4668-BE54-9A1E7A4F7556}") = "Basket.API", "Services\Basket\Basket.API\Basket.API.csproj", "{86DA8507-DA5A-4904-B4F8-2E6902F7AC00}"
EndProject
Project("{2150E333-8FDC-42A3-9474-1A3956D46DE8}") = "Discount", "Discount", "{01969346-E2D4-48E1-9F80-F82B6FB7C28D}"
EndProject
Project("{9A19103F-16F7-4668-BE54-9A1E7A4F7556}") = "Discount.API", "Services\Discount\Discount.API\Discount.API.csproj", "{FAAAC480-4334-43DE-B842-02EAE0184118}"
EndProject
Project("{9A19103F-16F7-4668-BE54-9A1E7A4F7556}") = "Discount.Grpc", "Services\Discount\Discount.Grpc\Discount.Grpc.csproj", "{8EF30235-B415-4E18-A3AF-0E140CBEE553}"
EndProject
Project("{2150E333-8FDC-42A3-9474-1A3956D46DE8}") = "Ordering", "Ordering", "{05D1E171-77FB-4E2D-BEC4-C4799A253824}"
EndProject
Project("{9A19103F-16F7-4668-BE54-9A1E7A4F7556}") = "Ordering.API", "Services\Ordering\Ordering.API\Ordering.API.csproj", "{DEF7B64D-1DDB-4A6C-9D51-E93345D55683}"
EndProject
Project("{9A19103F-16F7-4668-BE54-9A1E7A4F7556}") = "Ordering.Domain", "Services\Ordering\Ordering.Domain\Ordering.Domain.csproj", "{FA15824A-1A5A-4511-ADAF-A0345E6CAF46}"
EndProject
Project("{9A19103F-16F7-4668-BE54-9A1E7A4F7556}") = "Ordering.Application", "Services\Ordering\Ordering.Application\Ordering.Application.csproj", "{EBFE90A4-245D-41B3-A41B-827FBF990A27}"
EndProject
Project("{9A19103F-16F7-4668-BE54-9A1E7A4F7556}") = "Ordering.Infrastructure", "Services\Ordering\Ordering.Infrastructure\Ordering.Infrastructure.csproj", "{9B558A30-4B56-44DF-8E9B-398ABACE06ED}"
EndProject
Project("{2150E333-8FDC-42A3-9474-1A3956D46DE8}") = "BuildingBlocks", "BuildingBlocks", "{C05EDBF4-5E66-42A7-81A4-A8769CEE0550}"
EndProject
Project("{9A19103F-16F7-4668-BE54-9A1E7A4F7556}") = "EventBus.Messages", "BuildingBlocks\EventBus.Messages\EventBus.Messages.csproj", "{761D0045-DB10-4E6B-9F9F-460FCD535EF1}"
EndProject
Project("{2150E333-8FDC-42A3-9474-1A3956D46DE8}") = "ApiGateways", "ApiGateways", "{07C1C86E-CA12-4B2C-B1B3-1E1FF8200056}"
EndProject
Project("{9A19103F-16F7-4668-BE54-9A1E7A4F7556}") = "OcelotApiGw", "ApiGateways\OcelotApiGw\OcelotApiGw.csproj", "{80918B37-169C-4C26-B422-D6EAC332785E}"
EndProject
Project("{FAE04EC0-301F-11D3-BF4B-00C04F79EFBC}") = "Shopping.Aggregator", "ApiGateways\Shopping.Aggregator\Shopping.Aggregator.csproj", "{6C0EB108-2F57-42FC-9A85-C6960C0E27F2}"
EndProject
Global
	GlobalSection(SolutionConfigurationPlatforms) = preSolution
		Debug|Any CPU = Debug|Any CPU
		Release|Any CPU = Release|Any CPU
	EndGlobalSection
	GlobalSection(ProjectConfigurationPlatforms) = postSolution
		{07DD2508-0B66-4D6B-AEAD-DB04421062D6}.Debug|Any CPU.ActiveCfg = Debug|Any CPU
		{07DD2508-0B66-4D6B-AEAD-DB04421062D6}.Debug|Any CPU.Build.0 = Debug|Any CPU
		{07DD2508-0B66-4D6B-AEAD-DB04421062D6}.Release|Any CPU.ActiveCfg = Release|Any CPU
		{07DD2508-0B66-4D6B-AEAD-DB04421062D6}.Release|Any CPU.Build.0 = Release|Any CPU
		{CA39873E-C148-4EAE-908D-E1F34976D1FA}.Debug|Any CPU.ActiveCfg = Debug|Any CPU
		{CA39873E-C148-4EAE-908D-E1F34976D1FA}.Debug|Any CPU.Build.0 = Debug|Any CPU
		{CA39873E-C148-4EAE-908D-E1F34976D1FA}.Release|Any CPU.ActiveCfg = Release|Any CPU
		{CA39873E-C148-4EAE-908D-E1F34976D1FA}.Release|Any CPU.Build.0 = Release|Any CPU
		{86DA8507-DA5A-4904-B4F8-2E6902F7AC00}.Debug|Any CPU.ActiveCfg = Debug|Any CPU
		{86DA8507-DA5A-4904-B4F8-2E6902F7AC00}.Debug|Any CPU.Build.0 = Debug|Any CPU
		{86DA8507-DA5A-4904-B4F8-2E6902F7AC00}.Release|Any CPU.ActiveCfg = Release|Any CPU
		{86DA8507-DA5A-4904-B4F8-2E6902F7AC00}.Release|Any CPU.Build.0 = Release|Any CPU
		{FAAAC480-4334-43DE-B842-02EAE0184118}.Debug|Any CPU.ActiveCfg = Debug|Any CPU
		{FAAAC480-4334-43DE-B842-02EAE0184118}.Debug|Any CPU.Build.0 = Debug|Any CPU
		{FAAAC480-4334-43DE-B842-02EAE0184118}.Release|Any CPU.ActiveCfg = Release|Any CPU
		{FAAAC480-4334-43DE-B842-02EAE0184118}.Release|Any CPU.Build.0 = Release|Any CPU
		{8EF30235-B415-4E18-A3AF-0E140CBEE553}.Debug|Any CPU.ActiveCfg = Debug|Any CPU
		{8EF30235-B415-4E18-A3AF-0E140CBEE553}.Debug|Any CPU.Build.0 = Debug|Any CPU
		{8EF30235-B415-4E18-A3AF-0E140CBEE553}.Release|Any CPU.ActiveCfg = Release|Any CPU
		{8EF30235-B415-4E18-A3AF-0E140CBEE553}.Release|Any CPU.Build.0 = Release|Any CPU
		{DEF7B64D-1DDB-4A6C-9D51-E93345D55683}.Debug|Any CPU.ActiveCfg = Debug|Any CPU
		{DEF7B64D-1DDB-4A6C-9D51-E93345D55683}.Debug|Any CPU.Build.0 = Debug|Any CPU
		{DEF7B64D-1DDB-4A6C-9D51-E93345D55683}.Release|Any CPU.ActiveCfg = Release|Any CPU
		{DEF7B64D-1DDB-4A6C-9D51-E93345D55683}.Release|Any CPU.Build.0 = Release|Any CPU
		{FA15824A-1A5A-4511-ADAF-A0345E6CAF46}.Debug|Any CPU.ActiveCfg = Debug|Any CPU
		{FA15824A-1A5A-4511-ADAF-A0345E6CAF46}.Debug|Any CPU.Build.0 = Debug|Any CPU
		{FA15824A-1A5A-4511-ADAF-A0345E6CAF46}.Release|Any CPU.ActiveCfg = Release|Any CPU
		{FA15824A-1A5A-4511-ADAF-A0345E6CAF46}.Release|Any CPU.Build.0 = Release|Any CPU
		{EBFE90A4-245D-41B3-A41B-827FBF990A27}.Debug|Any CPU.ActiveCfg = Debug|Any CPU
		{EBFE90A4-245D-41B3-A41B-827FBF990A27}.Debug|Any CPU.Build.0 = Debug|Any CPU
		{EBFE90A4-245D-41B3-A41B-827FBF990A27}.Release|Any CPU.ActiveCfg = Release|Any CPU
		{EBFE90A4-245D-41B3-A41B-827FBF990A27}.Release|Any CPU.Build.0 = Release|Any CPU
		{9B558A30-4B56-44DF-8E9B-398ABACE06ED}.Debug|Any CPU.ActiveCfg = Debug|Any CPU
		{9B558A30-4B56-44DF-8E9B-398ABACE06ED}.Debug|Any CPU.Build.0 = Debug|Any CPU
		{9B558A30-4B56-44DF-8E9B-398ABACE06ED}.Release|Any CPU.ActiveCfg = Release|Any CPU
		{9B558A30-4B56-44DF-8E9B-398ABACE06ED}.Release|Any CPU.Build.0 = Release|Any CPU
		{761D0045-DB10-4E6B-9F9F-460FCD535EF1}.Debug|Any CPU.ActiveCfg = Debug|Any CPU
		{761D0045-DB10-4E6B-9F9F-460FCD535EF1}.Debug|Any CPU.Build.0 = Debug|Any CPU
		{761D0045-DB10-4E6B-9F9F-460FCD535EF1}.Release|Any CPU.ActiveCfg = Release|Any CPU
		{761D0045-DB10-4E6B-9F9F-460FCD535EF1}.Release|Any CPU.Build.0 = Release|Any CPU
		{80918B37-169C-4C26-B422-D6EAC332785E}.Debug|Any CPU.ActiveCfg = Debug|Any CPU
		{80918B37-169C-4C26-B422-D6EAC332785E}.Debug|Any CPU.Build.0 = Debug|Any CPU
		{80918B37-169C-4C26-B422-D6EAC332785E}.Release|Any CPU.ActiveCfg = Release|Any CPU
		{80918B37-169C-4C26-B422-D6EAC332785E}.Release|Any CPU.Build.0 = Release|Any CPU
		{6C0EB108-2F57-42FC-9A85-C6960C0E27F2}.Debug|Any CPU.ActiveCfg = Debug|Any CPU
		{6C0EB108-2F57-42FC-9A85-C6960C0E27F2}.Debug|Any CPU.Build.0 = Debug|Any CPU
		{6C0EB108-2F57-42FC-9A85-C6960C0E27F2}.Release|Any CPU.ActiveCfg = Release|Any CPU
		{6C0EB108-2F57-42FC-9A85-C6960C0E27F2}.Release|Any CPU.Build.0 = Release|Any CPU
	EndGlobalSection
	GlobalSection(SolutionProperties) = preSolution
		HideSolutionNode = FALSE
	EndGlobalSection
	GlobalSection(NestedProjects) = preSolution
		{6A7146A5-5181-419F-ABDC-CA720C891C31} = {68B6F36B-5E58-4CC7-98CA-B16A513BA9C5}
		{07DD2508-0B66-4D6B-AEAD-DB04421062D6} = {6A7146A5-5181-419F-ABDC-CA720C891C31}
		{8528D1DC-3DBA-4BB7-94E1-BE4F5F22F71D} = {68B6F36B-5E58-4CC7-98CA-B16A513BA9C5}
		{86DA8507-DA5A-4904-B4F8-2E6902F7AC00} = {8528D1DC-3DBA-4BB7-94E1-BE4F5F22F71D}
		{01969346-E2D4-48E1-9F80-F82B6FB7C28D} = {68B6F36B-5E58-4CC7-98CA-B16A513BA9C5}
		{FAAAC480-4334-43DE-B842-02EAE0184118} = {01969346-E2D4-48E1-9F80-F82B6FB7C28D}
		{8EF30235-B415-4E18-A3AF-0E140CBEE553} = {01969346-E2D4-48E1-9F80-F82B6FB7C28D}
		{05D1E171-77FB-4E2D-BEC4-C4799A253824} = {68B6F36B-5E58-4CC7-98CA-B16A513BA9C5}
		{DEF7B64D-1DDB-4A6C-9D51-E93345D55683} = {05D1E171-77FB-4E2D-BEC4-C4799A253824}
		{FA15824A-1A5A-4511-ADAF-A0345E6CAF46} = {05D1E171-77FB-4E2D-BEC4-C4799A253824}
		{EBFE90A4-245D-41B3-A41B-827FBF990A27} = {05D1E171-77FB-4E2D-BEC4-C4799A253824}
		{9B558A30-4B56-44DF-8E9B-398ABACE06ED} = {05D1E171-77FB-4E2D-BEC4-C4799A253824}
		{761D0045-DB10-4E6B-9F9F-460FCD535EF1} = {C05EDBF4-5E66-42A7-81A4-A8769CEE0550}
		{80918B37-169C-4C26-B422-D6EAC332785E} = {07C1C86E-CA12-4B2C-B1B3-1E1FF8200056}
		{6C0EB108-2F57-42FC-9A85-C6960C0E27F2} = {07C1C86E-CA12-4B2C-B1B3-1E1FF8200056}
	EndGlobalSection
	GlobalSection(ExtensibilityGlobals) = postSolution
		SolutionGuid = {01C3685B-48A4-49E1-94AE-6EB9BCC68B51}
	EndGlobalSection
EndGlobal
